
Microsoft Visual Studio Solution File, Format Version 12.00
# Visual Studio Version 16
VisualStudioVersion = 16.0.30225.117
MinimumVisualStudioVersion = 10.0.40219.1
Project("{FAE04EC0-301F-11D3-BF4B-00C04F79EFBC}") = "P01_StudentSystem", "P01_StudentSystem.csproj", "{879AD458-E431-4E20-8AAF-ECDE727FAFE4}"
EndProject
Project("{FAE04EC0-301F-11D3-BF4B-00C04F79EFBC}") = "P01_StudentSystem.Data", "..\P01_StudentSystem.Data\P01_StudentSystem.Data.csproj", "{3842875A-331F-4E7D-A003-140EA74DEED8}"
EndProject
Project("{FAE04EC0-301F-11D3-BF4B-00C04F79EFBC}") = "P01_StudentSystem.Data.Models", "..\P01_StudentSystem.Data.Models\P01_StudentSystem.Data.Models.csproj", "{577B9731-4CEA-4F81-8F25-1CF5033DD1E5}"
EndProject
Global
	GlobalSection(SolutionConfigurationPlatforms) = preSolution
		Debug|Any CPU = Debug|Any CPU
		Release|Any CPU = Release|Any CPU
	EndGlobalSection
	GlobalSection(ProjectConfigurationPlatforms) = postSolution
		{879AD458-E431-4E20-8AAF-ECDE727FAFE4}.Debug|Any CPU.ActiveCfg = Debug|Any CPU
		{879AD458-E431-4E20-8AAF-ECDE727FAFE4}.Debug|Any CPU.Build.0 = Debug|Any CPU
		{879AD458-E431-4E20-8AAF-ECDE727FAFE4}.Release|Any CPU.ActiveCfg = Release|Any CPU
		{879AD458-E431-4E20-8AAF-ECDE727FAFE4}.Release|Any CPU.Build.0 = Release|Any CPU
		{3842875A-331F-4E7D-A003-140EA74DEED8}.Debug|Any CPU.ActiveCfg = Debug|Any CPU
		{3842875A-331F-4E7D-A003-140EA74DEED8}.Debug|Any CPU.Build.0 = Debug|Any CPU
		{3842875A-331F-4E7D-A003-140EA74DEED8}.Release|Any CPU.ActiveCfg = Release|Any CPU
		{3842875A-331F-4E7D-A003-140EA74DEED8}.Release|Any CPU.Build.0 = Release|Any CPU
		{577B9731-4CEA-4F81-8F25-1CF5033DD1E5}.Debug|Any CPU.ActiveCfg = Debug|Any CPU
		{577B9731-4CEA-4F81-8F25-1CF5033DD1E5}.Debug|Any CPU.Build.0 = Debug|Any CPU
		{577B9731-4CEA-4F81-8F25-1CF5033DD1E5}.Release|Any CPU.ActiveCfg = Release|Any CPU
		{577B9731-4CEA-4F81-8F25-1CF5033DD1E5}.Release|Any CPU.Build.0 = Release|Any CPU
	EndGlobalSection
	GlobalSection(SolutionProperties) = preSolution
		HideSolutionNode = FALSE
	EndGlobalSection
	GlobalSection(ExtensibilityGlobals) = postSolution
		SolutionGuid = {EA3BD6C4-7AAC-47A3-B277-354E5DFE337A}
	EndGlobalSection
EndGlobal
