
Microsoft Visual Studio Solution File, Format Version 12.00
# Visual Studio 15
VisualStudioVersion = 15.0.27428.2043
MinimumVisualStudioVersion = 10.0.40219.1
Project("{FAE04EC0-301F-11D3-BF4B-00C04F79EFBC}") = "RectangleArea", "RectangleArea\RectangleArea.csproj", "{F88BD91E-B7ED-4A67-AE3E-4CBE896FDE81}"
EndProject
Project("{FAE04EC0-301F-11D3-BF4B-00C04F79EFBC}") = "USD-to-BGN", "USD-to-BGN\USD-to-BGN.csproj", "{B8CF8846-C7C4-4C28-BD17-5D4C3426005B}"
EndProject
Project("{FAE04EC0-301F-11D3-BF4B-00C04F79EFBC}") = "CurrencyConverter", "CurrencyConverter\CurrencyConverter.csproj", "{C436766C-AF48-484E-8CE7-F5D7D700B8E3}"
EndProject
Project("{FAE04EC0-301F-11D3-BF4B-00C04F79EFBC}") = "TailoringWorkshop", "TailoringWorkshop\TailoringWorkshop.csproj", "{E54B31ED-DABB-4FE3-8BEF-218985114B30}"
EndProject
Project("{FAE04EC0-301F-11D3-BF4B-00C04F79EFBC}") = "Dance-Hall", "Dance-Hall\Dance-Hall.csproj", "{3E5A3420-3BDA-4808-80B9-10C6341E34AA}"
EndProject
Project("{FAE04EC0-301F-11D3-BF4B-00C04F79EFBC}") = "CharityCampaign", "CharityCampaign\CharityCampaign.csproj", "{D8C8E93E-84FD-497C-B5BB-61385F8D2724}"
EndProject
Project("{FAE04EC0-301F-11D3-BF4B-00C04F79EFBC}") = "AlcoholMarket", "Alcohol Market\AlcoholMarket.csproj", "{2935F42D-34C0-470D-AAE1-20C373B330E0}"
EndProject
Global
	GlobalSection(SolutionConfigurationPlatforms) = preSolution
		Debug|Any CPU = Debug|Any CPU
		Release|Any CPU = Release|Any CPU
	EndGlobalSection
	GlobalSection(ProjectConfigurationPlatforms) = postSolution
		{F88BD91E-B7ED-4A67-AE3E-4CBE896FDE81}.Debug|Any CPU.ActiveCfg = Debug|Any CPU
		{F88BD91E-B7ED-4A67-AE3E-4CBE896FDE81}.Debug|Any CPU.Build.0 = Debug|Any CPU
		{F88BD91E-B7ED-4A67-AE3E-4CBE896FDE81}.Release|Any CPU.ActiveCfg = Release|Any CPU
		{F88BD91E-B7ED-4A67-AE3E-4CBE896FDE81}.Release|Any CPU.Build.0 = Release|Any CPU
		{B8CF8846-C7C4-4C28-BD17-5D4C3426005B}.Debug|Any CPU.ActiveCfg = Debug|Any CPU
		{B8CF8846-C7C4-4C28-BD17-5D4C3426005B}.Debug|Any CPU.Build.0 = Debug|Any CPU
		{B8CF8846-C7C4-4C28-BD17-5D4C3426005B}.Release|Any CPU.ActiveCfg = Release|Any CPU
		{B8CF8846-C7C4-4C28-BD17-5D4C3426005B}.Release|Any CPU.Build.0 = Release|Any CPU
		{C436766C-AF48-484E-8CE7-F5D7D700B8E3}.Debug|Any CPU.ActiveCfg = Debug|Any CPU
		{C436766C-AF48-484E-8CE7-F5D7D700B8E3}.Debug|Any CPU.Build.0 = Debug|Any CPU
		{C436766C-AF48-484E-8CE7-F5D7D700B8E3}.Release|Any CPU.ActiveCfg = Release|Any CPU
		{C436766C-AF48-484E-8CE7-F5D7D700B8E3}.Release|Any CPU.Build.0 = Release|Any CPU
		{E54B31ED-DABB-4FE3-8BEF-218985114B30}.Debug|Any CPU.ActiveCfg = Debug|Any CPU
		{E54B31ED-DABB-4FE3-8BEF-218985114B30}.Debug|Any CPU.Build.0 = Debug|Any CPU
		{E54B31ED-DABB-4FE3-8BEF-218985114B30}.Release|Any CPU.ActiveCfg = Release|Any CPU
		{E54B31ED-DABB-4FE3-8BEF-218985114B30}.Release|Any CPU.Build.0 = Release|Any CPU
		{3E5A3420-3BDA-4808-80B9-10C6341E34AA}.Debug|Any CPU.ActiveCfg = Debug|Any CPU
		{3E5A3420-3BDA-4808-80B9-10C6341E34AA}.Debug|Any CPU.Build.0 = Debug|Any CPU
		{3E5A3420-3BDA-4808-80B9-10C6341E34AA}.Release|Any CPU.ActiveCfg = Release|Any CPU
		{3E5A3420-3BDA-4808-80B9-10C6341E34AA}.Release|Any CPU.Build.0 = Release|Any CPU
		{D8C8E93E-84FD-497C-B5BB-61385F8D2724}.Debug|Any CPU.ActiveCfg = Debug|Any CPU
		{D8C8E93E-84FD-497C-B5BB-61385F8D2724}.Debug|Any CPU.Build.0 = Debug|Any CPU
		{D8C8E93E-84FD-497C-B5BB-61385F8D2724}.Release|Any CPU.ActiveCfg = Release|Any CPU
		{D8C8E93E-84FD-497C-B5BB-61385F8D2724}.Release|Any CPU.Build.0 = Release|Any CPU
		{2935F42D-34C0-470D-AAE1-20C373B330E0}.Debug|Any CPU.ActiveCfg = Debug|Any CPU
		{2935F42D-34C0-470D-AAE1-20C373B330E0}.Debug|Any CPU.Build.0 = Debug|Any CPU
		{2935F42D-34C0-470D-AAE1-20C373B330E0}.Release|Any CPU.ActiveCfg = Release|Any CPU
		{2935F42D-34C0-470D-AAE1-20C373B330E0}.Release|Any CPU.Build.0 = Release|Any CPU
	EndGlobalSection
	GlobalSection(SolutionProperties) = preSolution
		HideSolutionNode = FALSE
	EndGlobalSection
	GlobalSection(ExtensibilityGlobals) = postSolution
		SolutionGuid = {D87221F0-6764-4E87-BF54-9E9EE46156CE}
	EndGlobalSection
EndGlobal
